
Microsoft Visual Studio Solution File, Format Version 12.00
# Visual Studio 15
VisualStudioVersion = 15.0.28010.2036
MinimumVisualStudioVersion = 10.0.40219.1
Project("{FAE04EC0-301F-11D3-BF4B-00C04F79EFBC}") = "2210-002-CowellDakota-DataStructuresProject4", "2210-002-CowellDakota-DataStructuresProject4\2210-002-CowellDakota-DataStructuresProject4.csproj", "{B06CC39C-9749-4DF4-8243-BA3C300F42C8}"
EndProject
Global
	GlobalSection(SolutionConfigurationPlatforms) = preSolution
		Debug|Any CPU = Debug|Any CPU
		Release|Any CPU = Release|Any CPU
	EndGlobalSection
	GlobalSection(ProjectConfigurationPlatforms) = postSolution
		{B06CC39C-9749-4DF4-8243-BA3C300F42C8}.Debug|Any CPU.ActiveCfg = Debug|Any CPU
		{B06CC39C-9749-4DF4-8243-BA3C300F42C8}.Debug|Any CPU.Build.0 = Debug|Any CPU
		{B06CC39C-9749-4DF4-8243-BA3C300F42C8}.Release|Any CPU.ActiveCfg = Release|Any CPU
		{B06CC39C-9749-4DF4-8243-BA3C300F42C8}.Release|Any CPU.Build.0 = Release|Any CPU
	EndGlobalSection
	GlobalSection(SolutionProperties) = preSolution
		HideSolutionNode = FALSE
	EndGlobalSection
	GlobalSection(ExtensibilityGlobals) = postSolution
		SolutionGuid = {3966A69F-7BC8-4724-B4A4-0EE5303E4BE3}
	EndGlobalSection
EndGlobal
